
Microsoft Visual Studio Solution File, Format Version 12.00
# Visual Studio Version 16
VisualStudioVersion = 16.0.30204.135
MinimumVisualStudioVersion = 10.0.40219.1
Project("{FAE04EC0-301F-11D3-BF4B-00C04F79EFBC}") = "SMALL LIBRARY MANAGEMENT SYSTEM", "SMALL LIBRARY MANAGEMENT SYSTEM.csproj", "{612E2E76-3E68-464E-9786-5C1FD9DC6EE8}"
EndProject
Project("{54435603-DBB4-11D2-8724-00A0C9A8B90C}") = "Library Setup", "..\Library Setup\Library Setup.vdproj", "{658035EE-6876-4E0A-86C8-6D6CBBF07145}"
EndProject
Global
	GlobalSection(SolutionConfigurationPlatforms) = preSolution
		Debug|Any CPU = Debug|Any CPU
		Release|Any CPU = Release|Any CPU
	EndGlobalSection
	GlobalSection(ProjectConfigurationPlatforms) = postSolution
		{612E2E76-3E68-464E-9786-5C1FD9DC6EE8}.Debug|Any CPU.ActiveCfg = Debug|Any CPU
		{612E2E76-3E68-464E-9786-5C1FD9DC6EE8}.Debug|Any CPU.Build.0 = Debug|Any CPU
		{612E2E76-3E68-464E-9786-5C1FD9DC6EE8}.Release|Any CPU.ActiveCfg = Release|Any CPU
		{612E2E76-3E68-464E-9786-5C1FD9DC6EE8}.Release|Any CPU.Build.0 = Release|Any CPU
		{658035EE-6876-4E0A-86C8-6D6CBBF07145}.Debug|Any CPU.ActiveCfg = Debug
		{658035EE-6876-4E0A-86C8-6D6CBBF07145}.Release|Any CPU.ActiveCfg = Release
	EndGlobalSection
	GlobalSection(SolutionProperties) = preSolution
		HideSolutionNode = FALSE
	EndGlobalSection
	GlobalSection(ExtensibilityGlobals) = postSolution
		SolutionGuid = {448CD031-AE81-40A5-80C6-D480E58C8444}
	EndGlobalSection
EndGlobal
